
Microsoft Visual Studio Solution File, Format Version 12.00
Project("{FAE04EC0-301F-11D3-BF4B-00C04F79EFBC}") = "TicTacToe", "TicTacToe\TicTacToe.csproj", "{103A93B1-31D0-4DCC-B7C9-971D827E7062}"
EndProject
Project("{FAE04EC0-301F-11D3-BF4B-00C04F79EFBC}") = "TicTacToe.Tests", "TicTacToe.Tests\TicTacToe.Tests.csproj", "{D0EA6121-DC82-4F43-AC14-B5C45DA9628A}"
EndProject
Global
	GlobalSection(SolutionConfigurationPlatforms) = preSolution
		Debug|Any CPU = Debug|Any CPU
		Release|Any CPU = Release|Any CPU
	EndGlobalSection
	GlobalSection(ProjectConfigurationPlatforms) = postSolution
		{103A93B1-31D0-4DCC-B7C9-971D827E7062}.Debug|Any CPU.ActiveCfg = Debug|Any CPU
		{103A93B1-31D0-4DCC-B7C9-971D827E7062}.Debug|Any CPU.Build.0 = Debug|Any CPU
		{103A93B1-31D0-4DCC-B7C9-971D827E7062}.Release|Any CPU.ActiveCfg = Release|Any CPU
		{103A93B1-31D0-4DCC-B7C9-971D827E7062}.Release|Any CPU.Build.0 = Release|Any CPU
		{D0EA6121-DC82-4F43-AC14-B5C45DA9628A}.Debug|Any CPU.ActiveCfg = Debug|Any CPU
		{D0EA6121-DC82-4F43-AC14-B5C45DA9628A}.Debug|Any CPU.Build.0 = Debug|Any CPU
		{D0EA6121-DC82-4F43-AC14-B5C45DA9628A}.Release|Any CPU.ActiveCfg = Release|Any CPU
		{D0EA6121-DC82-4F43-AC14-B5C45DA9628A}.Release|Any CPU.Build.0 = Release|Any CPU
	EndGlobalSection
EndGlobal
